
Microsoft Visual Studio Solution File, Format Version 12.00
# Visual Studio Version 17
VisualStudioVersion = 17.7.34003.232
MinimumVisualStudioVersion = 10.0.40219.1
Project("{FAE04EC0-301F-11D3-BF4B-00C04F79EFBC}") = "Backend", "Backend\Backend.csproj", "{CCE205A5-5540-41DC-A45C-C1D58C421AC3}"
EndProject
Global
	GlobalSection(SolutionConfigurationPlatforms) = preSolution
		Debug|Any CPU = Debug|Any CPU
		Release|Any CPU = Release|Any CPU
	EndGlobalSection
	GlobalSection(ProjectConfigurationPlatforms) = postSolution
		{CCE205A5-5540-41DC-A45C-C1D58C421AC3}.Debug|Any CPU.ActiveCfg = Debug|Any CPU
		{CCE205A5-5540-41DC-A45C-C1D58C421AC3}.Debug|Any CPU.Build.0 = Debug|Any CPU
		{CCE205A5-5540-41DC-A45C-C1D58C421AC3}.Release|Any CPU.ActiveCfg = Release|Any CPU
		{CCE205A5-5540-41DC-A45C-C1D58C421AC3}.Release|Any CPU.Build.0 = Release|Any CPU
	EndGlobalSection
	GlobalSection(SolutionProperties) = preSolution
		HideSolutionNode = FALSE
	EndGlobalSection
	GlobalSection(ExtensibilityGlobals) = postSolution
		SolutionGuid = {6D2B63D2-C5C3-4AF7-8AE8-534B56165828}
	EndGlobalSection
EndGlobal
